
Microsoft Visual Studio Solution File, Format Version 12.00
# Visual Studio Version 17
VisualStudioVersion = 17.2.32630.192
MinimumVisualStudioVersion = 10.0.40219.1
Project("{FAE04EC0-301F-11D3-BF4B-00C04F79EFBC}") = "AddressBook", "AddressBook.csproj", "{5A680C45-8EC4-420F-8A7F-F21F71300DF7}"
EndProject
Global
	GlobalSection(SolutionConfigurationPlatforms) = preSolution
		Debug|Any CPU = Debug|Any CPU
		Release|Any CPU = Release|Any CPU
	EndGlobalSection
	GlobalSection(ProjectConfigurationPlatforms) = postSolution
		{5A680C45-8EC4-420F-8A7F-F21F71300DF7}.Debug|Any CPU.ActiveCfg = Debug|Any CPU
		{5A680C45-8EC4-420F-8A7F-F21F71300DF7}.Debug|Any CPU.Build.0 = Debug|Any CPU
		{5A680C45-8EC4-420F-8A7F-F21F71300DF7}.Release|Any CPU.ActiveCfg = Release|Any CPU
		{5A680C45-8EC4-420F-8A7F-F21F71300DF7}.Release|Any CPU.Build.0 = Release|Any CPU
	EndGlobalSection
	GlobalSection(SolutionProperties) = preSolution
		HideSolutionNode = FALSE
	EndGlobalSection
	GlobalSection(ExtensibilityGlobals) = postSolution
		SolutionGuid = {E128DE51-DFC3-410F-994D-F8B3D2FF69A8}
	EndGlobalSection
EndGlobal
